
Microsoft Visual Studio Solution File, Format Version 12.00
# Visual Studio Version 16
VisualStudioVersion = 16.0.30523.141
MinimumVisualStudioVersion = 10.0.40219.1
Project("{FAE04EC0-301F-11D3-BF4B-00C04F79EFBC}") = "PixelBot", "PixelBot.csproj", "{DE08E0BA-EECC-4876-A6B1-74373FA1E473}"
EndProject
Global
	GlobalSection(SolutionConfigurationPlatforms) = preSolution
		Debug|Any CPU = Debug|Any CPU
		Release|Any CPU = Release|Any CPU
	EndGlobalSection
	GlobalSection(ProjectConfigurationPlatforms) = postSolution
		{DE08E0BA-EECC-4876-A6B1-74373FA1E473}.Debug|Any CPU.ActiveCfg = Debug|Any CPU
		{DE08E0BA-EECC-4876-A6B1-74373FA1E473}.Debug|Any CPU.Build.0 = Debug|Any CPU
		{DE08E0BA-EECC-4876-A6B1-74373FA1E473}.Release|Any CPU.ActiveCfg = Release|Any CPU
		{DE08E0BA-EECC-4876-A6B1-74373FA1E473}.Release|Any CPU.Build.0 = Release|Any CPU
	EndGlobalSection
	GlobalSection(SolutionProperties) = preSolution
		HideSolutionNode = FALSE
	EndGlobalSection
	GlobalSection(ExtensibilityGlobals) = postSolution
		SolutionGuid = {81484B35-5829-40F4-8B17-BA4668192A7F}
	EndGlobalSection
EndGlobal
